// !$*UTF8*$!
{
	archiveVersion = 1;
	classes = {
	};
	objectVersion = 46;
	objects = {

/* Begin PBXBuildFile section */
		8908C6911D0D84430004B2E4 /* AppDelegate.swift in Sources */ = {isa = PBXBuildFile; fileRef = 8908C6901D0D84430004B2E4 /* AppDelegate.swift */; };
		8908C6931D0D84430004B2E4 /* ViewController.swift in Sources */ = {isa = PBXBuildFile; fileRef = 8908C6921D0D84430004B2E4 /* ViewController.swift */; };
		8908C6961D0D84430004B2E4 /* Main.storyboard in Resources */ = {isa = PBXBuildFile; fileRef = 8908C6941D0D84430004B2E4 /* Main.storyboard */; };
		8908C6981D0D84430004B2E4 /* Assets.xcassets in Resources */ = {isa = PBXBuildFile; fileRef = 8908C6971D0D84430004B2E4 /* Assets.xcassets */; };
		8908C69B1D0D84430004B2E4 /* LaunchScreen.storyboard in Resources */ = {isa = PBXBuildFile; fileRef = 8908C6991D0D84430004B2E4 /* LaunchScreen.storyboard */; };
		BBD6D0511F170EC400D50A2C /* SelectViewController.swift in Sources */ = {isa = PBXBuildFile; fileRef = BBD6D0501F170EC400D50A2C /* SelectViewController.swift */; };
		BBDD39041F19B6DA007E47DC /* JHCommon.swift in Sources */ = {isa = PBXBuildFile; fileRef = BBDD39031F19B6DA007E47DC /* JHCommon.swift */; };
		BBF4A7F91F1C45BE0019EC45 /* JHImageListCell.swift in Sources */ = {isa = PBXBuildFile; fileRef = BBF4A7ED1F1C45BE0019EC45 /* JHImageListCell.swift */; };
		BBF4A7FA1F1C45BE0019EC45 /* JHImageListController.swift in Sources */ = {isa = PBXBuildFile; fileRef = BBF4A7EE1F1C45BE0019EC45 /* JHImageListController.swift */; };
		BBF4A7FB1F1C45BE0019EC45 /* JHImagePhotosCell.swift in Sources */ = {isa = PBXBuildFile; fileRef = BBF4A7EF1F1C45BE0019EC45 /* JHImagePhotosCell.swift */; };
		BBF4A7FC1F1C45BE0019EC45 /* JHImagePhotosVC.swift in Sources */ = {isa = PBXBuildFile; fileRef = BBF4A7F01F1C45BE0019EC45 /* JHImagePhotosVC.swift */; };
		BBF4A7FD1F1C45BE0019EC45 /* JHImagePicker.swift in Sources */ = {isa = PBXBuildFile; fileRef = BBF4A7F11F1C45BE0019EC45 /* JHImagePicker.swift */; };
		BBF4A7FE1F1C45BE0019EC45 /* JHImagePickerTool.swift in Sources */ = {isa = PBXBuildFile; fileRef = BBF4A7F21F1C45BE0019EC45 /* JHImagePickerTool.swift */; };
		BBF4A7FF1F1C45BE0019EC45 /* jh_arrow@2x.png in Resources */ = {isa = PBXBuildFile; fileRef = BBF4A7F41F1C45BE0019EC45 /* jh_arrow@2x.png */; };
		BBF4A8001F1C45BE0019EC45 /* jh_select@2x.png in Resources */ = {isa = PBXBuildFile; fileRef = BBF4A7F51F1C45BE0019EC45 /* jh_select@2x.png */; };
		BBF4A8011F1C45BE0019EC45 /* jh_select@3x.png in Resources */ = {isa = PBXBuildFile; fileRef = BBF4A7F61F1C45BE0019EC45 /* jh_select@3x.png */; };
		BBF4A8021F1C45BE0019EC45 /* jh_selected@2x.png in Resources */ = {isa = PBXBuildFile; fileRef = BBF4A7F71F1C45BE0019EC45 /* jh_selected@2x.png */; };
		BBF4A8031F1C45BE0019EC45 /* jh_selected@3x.png in Resources */ = {isa = PBXBuildFile; fileRef = BBF4A7F81F1C45BE0019EC45 /* jh_selected@3x.png */; };
/* End PBXBuildFile section */

/* Begin PBXFileReference section */
		8908C68D1D0D84430004B2E4 /* EaseImagePickerController.app */ = {isa = PBXFileReference; explicitFileType = wrapper.application; includeInIndex = 0; path = EaseImagePickerController.app; sourceTree = BUILT_PRODUCTS_DIR; };
		8908C6901D0D84430004B2E4 /* AppDelegate.swift */ = {isa = PBXFileReference; lastKnownFileType = sourcecode.swift; path = AppDelegate.swift; sourceTree = "<group>"; };
		8908C6921D0D84430004B2E4 /* ViewController.swift */ = {isa = PBXFileReference; lastKnownFileType = sourcecode.swift; path = ViewController.swift; sourceTree = "<group>"; };
		8908C6951D0D84430004B2E4 /* Base */ = {isa = PBXFileReference; lastKnownFileType = file.storyboard; name = Base; path = Base.lproj/Main.storyboard; sourceTree = "<group>"; };
		8908C6971D0D84430004B2E4 /* Assets.xcassets */ = {isa = PBXFileReference; lastKnownFileType = folder.assetcatalog; path = Assets.xcassets; sourceTree = "<group>"; };
		8908C69A1D0D84430004B2E4 /* Base */ = {isa = PBXFileReference; lastKnownFileType = file.storyboard; name = Base; path = Base.lproj/LaunchScreen.storyboard; sourceTree = "<group>"; };
		8908C69C1D0D84430004B2E4 /* Info.plist */ = {isa = PBXFileReference; lastKnownFileType = text.plist.xml; path = Info.plist; sourceTree = "<group>"; };
		BB1A8AA91F18FB0A00BEE6FB /* zh-Hans */ = {isa = PBXFileReference; lastKnownFileType = text.plist.strings; name = "zh-Hans"; path = "zh-Hans.lproj/Main.strings"; sourceTree = "<group>"; };
		BB1A8AAA1F18FB0A00BEE6FB /* zh-Hans */ = {isa = PBXFileReference; lastKnownFileType = text.plist.strings; name = "zh-Hans"; path = "zh-Hans.lproj/LaunchScreen.strings"; sourceTree = "<group>"; };
		BBD6D0501F170EC400D50A2C /* SelectViewController.swift */ = {isa = PBXFileReference; fileEncoding = 4; lastKnownFileType = sourcecode.swift; lineEnding = 0; path = SelectViewController.swift; sourceTree = "<group>"; xcLanguageSpecificationIdentifier = xcode.lang.swift; };
		BBDD39031F19B6DA007E47DC /* JHCommon.swift */ = {isa = PBXFileReference; fileEncoding = 4; lastKnownFileType = sourcecode.swift; path = JHCommon.swift; sourceTree = "<group>"; };
		BBF4A7ED1F1C45BE0019EC45 /* JHImageListCell.swift */ = {isa = PBXFileReference; fileEncoding = 4; lastKnownFileType = sourcecode.swift; path = JHImageListCell.swift; sourceTree = "<group>"; };
		BBF4A7EE1F1C45BE0019EC45 /* JHImageListController.swift */ = {isa = PBXFileReference; fileEncoding = 4; lastKnownFileType = sourcecode.swift; path = JHImageListController.swift; sourceTree = "<group>"; };
		BBF4A7EF1F1C45BE0019EC45 /* JHImagePhotosCell.swift */ = {isa = PBXFileReference; fileEncoding = 4; lastKnownFileType = sourcecode.swift; path = JHImagePhotosCell.swift; sourceTree = "<group>"; };
		BBF4A7F01F1C45BE0019EC45 /* JHImagePhotosVC.swift */ = {isa = PBXFileReference; fileEncoding = 4; lastKnownFileType = sourcecode.swift; path = JHImagePhotosVC.swift; sourceTree = "<group>"; };
		BBF4A7F11F1C45BE0019EC45 /* JHImagePicker.swift */ = {isa = PBXFileReference; fileEncoding = 4; lastKnownFileType = sourcecode.swift; path = JHImagePicker.swift; sourceTree = "<group>"; };
		BBF4A7F21F1C45BE0019EC45 /* JHImagePickerTool.swift */ = {isa = PBXFileReference; fileEncoding = 4; lastKnownFileType = sourcecode.swift; path = JHImagePickerTool.swift; sourceTree = "<group>"; };
		BBF4A7F41F1C45BE0019EC45 /* jh_arrow@2x.png */ = {isa = PBXFileReference; lastKnownFileType = image.png; path = "jh_arrow@2x.png"; sourceTree = "<group>"; };
		BBF4A7F51F1C45BE0019EC45 /* jh_select@2x.png */ = {isa = PBXFileReference; lastKnownFileType = image.png; path = "jh_select@2x.png"; sourceTree = "<group>"; };
		BBF4A7F61F1C45BE0019EC45 /* jh_select@3x.png */ = {isa = PBXFileReference; lastKnownFileType = image.png; path = "jh_select@3x.png"; sourceTree = "<group>"; };
		BBF4A7F71F1C45BE0019EC45 /* jh_selected@2x.png */ = {isa = PBXFileReference; lastKnownFileType = image.png; path = "jh_selected@2x.png"; sourceTree = "<group>"; };
		BBF4A7F81F1C45BE0019EC45 /* jh_selected@3x.png */ = {isa = PBXFileReference; lastKnownFileType = image.png; path = "jh_selected@3x.png"; sourceTree = "<group>"; };
/* End PBXFileReference section */

/* Begin PBXFrameworksBuildPhase section */
		8908C68A1D0D84430004B2E4 /* Frameworks */ = {
			isa = PBXFrameworksBuildPhase;
			buildActionMask = 2147483647;
			files = (
			);
			runOnlyForDeploymentPostprocessing = 0;
		};
/* End PBXFrameworksBuildPhase section */

/* Begin PBXGroup section */
		8908C6841D0D84430004B2E4 = {
			isa = PBXGroup;
			children = (
				BBF4A7EC1F1C45BE0019EC45 /* JHImagePicker */,
				8908C68F1D0D84430004B2E4 /* EaseImagePickerController */,
				8908C68E1D0D84430004B2E4 /* Products */,
			);
			sourceTree = "<group>";
		};
		8908C68E1D0D84430004B2E4 /* Products */ = {
			isa = PBXGroup;
			children = (
				8908C68D1D0D84430004B2E4 /* EaseImagePickerController.app */,
			);
			name = Products;
			sourceTree = "<group>";
		};
		8908C68F1D0D84430004B2E4 /* EaseImagePickerController */ = {
			isa = PBXGroup;
			children = (
				BBDD39031F19B6DA007E47DC /* JHCommon.swift */,
				8908C6901D0D84430004B2E4 /* AppDelegate.swift */,
				8908C6921D0D84430004B2E4 /* ViewController.swift */,
				BBD6D0501F170EC400D50A2C /* SelectViewController.swift */,
				8908C6941D0D84430004B2E4 /* Main.storyboard */,
				8908C6971D0D84430004B2E4 /* Assets.xcassets */,
				8908C6991D0D84430004B2E4 /* LaunchScreen.storyboard */,
				8908C69C1D0D84430004B2E4 /* Info.plist */,
			);
			path = EaseImagePickerController;
			sourceTree = "<group>";
		};
		BBF4A7EC1F1C45BE0019EC45 /* JHImagePicker */ = {
			isa = PBXGroup;
			children = (
				BBF4A7ED1F1C45BE0019EC45 /* JHImageListCell.swift */,
				BBF4A7EE1F1C45BE0019EC45 /* JHImageListController.swift */,
				BBF4A7EF1F1C45BE0019EC45 /* JHImagePhotosCell.swift */,
				BBF4A7F01F1C45BE0019EC45 /* JHImagePhotosVC.swift */,
				BBF4A7F11F1C45BE0019EC45 /* JHImagePicker.swift */,
				BBF4A7F21F1C45BE0019EC45 /* JHImagePickerTool.swift */,
				BBF4A7F31F1C45BE0019EC45 /* JHImages */,
			);
			path = JHImagePicker;
			sourceTree = "<group>";
		};
		BBF4A7F31F1C45BE0019EC45 /* JHImages */ = {
			isa = PBXGroup;
			children = (
				BBF4A7F41F1C45BE0019EC45 /* jh_arrow@2x.png */,
				BBF4A7F51F1C45BE0019EC45 /* jh_select@2x.png */,
				BBF4A7F61F1C45BE0019EC45 /* jh_select@3x.png */,
				BBF4A7F71F1C45BE0019EC45 /* jh_selected@2x.png */,
				BBF4A7F81F1C45BE0019EC45 /* jh_selected@3x.png */,
			);
			path = JHImages;
			sourceTree = "<group>";
		};
/* End PBXGroup section */

/* Begin PBXNativeTarget section */
		8908C68C1D0D84430004B2E4 /* EaseImagePickerController */ = {
			isa = PBXNativeTarget;
			buildConfigurationList = 8908C69F1D0D84430004B2E4 /* Build configuration list for PBXNativeTarget "EaseImagePickerController" */;
			buildPhases = (
				8908C6891D0D84430004B2E4 /* Sources */,
				8908C68A1D0D84430004B2E4 /* Frameworks */,
				8908C68B1D0D84430004B2E4 /* Resources */,
			);
			buildRules = (
			);
			dependencies = (
			);
			name = EaseImagePickerController;
			productName = EaseImagePickerController;
			productReference = 8908C68D1D0D84430004B2E4 /* EaseImagePickerController.app */;
			productType = "com.apple.product-type.application";
		};
/* End PBXNativeTarget section */

/* Begin PBXProject section */
		8908C6851D0D84430004B2E4 /* Project object */ = {
			isa = PBXProject;
			attributes = {
				LastSwiftUpdateCheck = 0730;
				LastUpgradeCheck = 0830;
				TargetAttributes = {
					8908C68C1D0D84430004B2E4 = {
						CreatedOnToolsVersion = 7.3;
						DevelopmentTeam = 4EHUQSUYU5;
						LastSwiftMigration = 0820;
						ProvisioningStyle = Automatic;
					};
				};
			};
			buildConfigurationList = 8908C6881D0D84430004B2E4 /* Build configuration list for PBXProject "EaseImagePickerController" */;
			compatibilityVersion = "Xcode 3.2";
			developmentRegion = English;
			hasScannedForEncodings = 0;
			knownRegions = (
				en,
				Base,
			);
			mainGroup = 8908C6841D0D84430004B2E4;
			productRefGroup = 8908C68E1D0D84430004B2E4 /* Products */;
			projectDirPath = "";
			projectRoot = "";
			targets = (
				8908C68C1D0D84430004B2E4 /* EaseImagePickerController */,
			);
		};
/* End PBXProject section */

/* Begin PBXResourcesBuildPhase section */
		8908C68B1D0D84430004B2E4 /* Resources */ = {
			isa = PBXResourcesBuildPhase;
			buildActionMask = 2147483647;
			files = (
				BBF4A7FF1F1C45BE0019EC45 /* jh_arrow@2x.png in Resources */,
				BBF4A8011F1C45BE0019EC45 /* jh_select@3x.png in Resources */,
				BBF4A8031F1C45BE0019EC45 /* jh_selected@3x.png in Resources */,
				BBF4A8001F1C45BE0019EC45 /* jh_select@2x.png in Resources */,
				BBF4A8021F1C45BE0019EC45 /* jh_selected@2x.png in Resources */,
				8908C69B1D0D84430004B2E4 /* LaunchScreen.storyboard in Resources */,
				8908C6981D0D84430004B2E4 /* Assets.xcassets in Resources */,
				8908C6961D0D84430004B2E4 /* Main.storyboard in Resources */,
			);
			runOnlyForDeploymentPostprocessing = 0;
		};
/* End PBXResourcesBuildPhase section */

/* Begin PBXSourcesBuildPhase section */
		8908C6891D0D84430004B2E4 /* Sources */ = {
			isa = PBXSourcesBuildPhase;
			buildActionMask = 2147483647;
			files = (
				BBF4A7F91F1C45BE0019EC45 /* JHImageListCell.swift in Sources */,
				BBF4A7FE1F1C45BE0019EC45 /* JHImagePickerTool.swift in Sources */,
				BBD6D0511F170EC400D50A2C /* SelectViewController.swift in Sources */,
				BBF4A7FD1F1C45BE0019EC45 /* JHImagePicker.swift in Sources */,
				8908C6931D0D84430004B2E4 /* ViewController.swift in Sources */,
				BBF4A7FC1F1C45BE0019EC45 /* JHImagePhotosVC.swift in Sources */,
				BBF4A7FA1F1C45BE0019EC45 /* JHImageListController.swift in Sources */,
				BBDD39041F19B6DA007E47DC /* JHCommon.swift in Sources */,
				BBF4A7FB1F1C45BE0019EC45 /* JHImagePhotosCell.swift in Sources */,
				8908C6911D0D84430004B2E4 /* AppDelegate.swift in Sources */,
			);
			runOnlyForDeploymentPostprocessing = 0;
		};
/* End PBXSourcesBuildPhase section */

/* Begin PBXVariantGroup section */
		8908C6941D0D84430004B2E4 /* Main.storyboard */ = {
			isa = PBXVariantGroup;
			children = (
				8908C6951D0D84430004B2E4 /* Base */,
				BB1A8AA91F18FB0A00BEE6FB /* zh-Hans */,
			);
			name = Main.storyboard;
			sourceTree = "<group>";
		};
		8908C6991D0D84430004B2E4 /* LaunchScreen.storyboard */ = {
			isa = PBXVariantGroup;
			children = (
				8908C69A1D0D84430004B2E4 /* Base */,
				BB1A8AAA1F18FB0A00BEE6FB /* zh-Hans */,
			);
			name = LaunchScreen.storyboard;
			sourceTree = "<group>";
		};
/* End PBXVariantGroup section */

/* Begin XCBuildConfiguration section */
		8908C69D1D0D84430004B2E4 /* Debug */ = {
			isa = XCBuildConfiguration;
			buildSettings = {
				ALWAYS_SEARCH_USER_PATHS = NO;
				CLANG_ANALYZER_LOCALIZABILITY_NONLOCALIZED = YES;
				CLANG_ANALYZER_NONNULL = YES;
				CLANG_CXX_LANGUAGE_STANDARD = "gnu++0x";
				CLANG_CXX_LIBRARY = "libc++";
				CLANG_ENABLE_MODULES = YES;
				CLANG_ENABLE_OBJC_ARC = YES;
				CLANG_WARN_BOOL_CONVERSION = YES;
				CLANG_WARN_CONSTANT_CONVERSION = YES;
				CLANG_WARN_DIRECT_OBJC_ISA_USAGE = YES_ERROR;
				CLANG_WARN_EMPTY_BODY = YES;
				CLANG_WARN_ENUM_CONVERSION = YES;
				CLANG_WARN_INFINITE_RECURSION = YES;
				CLANG_WARN_INT_CONVERSION = YES;
				CLANG_WARN_OBJC_ROOT_CLASS = YES_ERROR;
				CLANG_WARN_SUSPICIOUS_MOVE = YES;
				CLANG_WARN_UNREACHABLE_CODE = YES;
				CLANG_WARN__DUPLICATE_METHOD_MATCH = YES;
				"CODE_SIGN_IDENTITY[sdk=iphoneos*]" = "iPhone Developer";
				COPY_PHASE_STRIP = NO;
				DEBUG_INFORMATION_FORMAT = dwarf;
				ENABLE_STRICT_OBJC_MSGSEND = YES;
				ENABLE_TESTABILITY = YES;
				GCC_C_LANGUAGE_STANDARD = gnu99;
				GCC_DYNAMIC_NO_PIC = NO;
				GCC_NO_COMMON_BLOCKS = YES;
				GCC_OPTIMIZATION_LEVEL = 0;
				GCC_PREPROCESSOR_DEFINITIONS = (
					"DEBUG=1",
					"$(inherited)",
				);
				GCC_WARN_64_TO_32_BIT_CONVERSION = YES;
				GCC_WARN_ABOUT_RETURN_TYPE = YES_ERROR;
				GCC_WARN_UNDECLARED_SELECTOR = YES;
				GCC_WARN_UNINITIALIZED_AUTOS = YES_AGGRESSIVE;
				GCC_WARN_UNUSED_FUNCTION = YES;
				GCC_WARN_UNUSED_VARIABLE = YES;
				IPHONEOS_DEPLOYMENT_TARGET = 9.3;
				MTL_ENABLE_DEBUG_INFO = YES;
				ONLY_ACTIVE_ARCH = YES;
				SDKROOT = iphoneos;
				SWIFT_OPTIMIZATION_LEVEL = "-Onone";
				TARGETED_DEVICE_FAMILY = "1,2";
			};
			name = Debug;
		};
		8908C69E1D0D84430004B2E4 /* Release */ = {
			isa = XCBuildConfiguration;
			buildSettings = {
				ALWAYS_SEARCH_USER_PATHS = NO;
				CLANG_ANALYZER_LOCALIZABILITY_NONLOCALIZED = YES;
				CLANG_ANALYZER_NONNULL = YES;
				CLANG_CXX_LANGUAGE_STANDARD = "gnu++0x";
				CLANG_CXX_LIBRARY = "libc++";
				CLANG_ENABLE_MODULES = YES;
				CLANG_ENABLE_OBJC_ARC = YES;
				CLANG_WARN_BOOL_CONVERSION = YES;
				CLANG_WARN_CONSTANT_CONVERSION = YES;
				CLANG_WARN_DIRECT_OBJC_ISA_USAGE = YES_ERROR;
				CLANG_WARN_EMPTY_BODY = YES;
				CLANG_WARN_ENUM_CONVERSION = YES;
				CLANG_WARN_INFINITE_RECURSION = YES;
				CLANG_WARN_INT_CONVERSION = YES;
				CLANG_WARN_OBJC_ROOT_CLASS = YES_ERROR;
				CLANG_WARN_SUSPICIOUS_MOVE = YES;
				CLANG_WARN_UNREACHABLE_CODE = YES;
				CLANG_WARN__DUPLICATE_METHOD_MATCH = YES;
				"CODE_SIGN_IDENTITY[sdk=iphoneos*]" = "iPhone Developer";
				COPY_PHASE_STRIP = NO;
				DEBUG_INFORMATION_FORMAT = "dwarf-with-dsym";
				ENABLE_NS_ASSERTIONS = NO;
				ENABLE_STRICT_OBJC_MSGSEND = YES;
				GCC_C_LANGUAGE_STANDARD = gnu99;
				GCC_NO_COMMON_BLOCKS = YES;
				GCC_WARN_64_TO_32_BIT_CONVERSION = YES;
				GCC_WARN_ABOUT_RETURN_TYPE = YES_ERROR;
				GCC_WARN_UNDECLARED_SELECTOR = YES;
				GCC_WARN_UNINITIALIZED_AUTOS = YES_AGGRESSIVE;
				GCC_WARN_UNUSED_FUNCTION = YES;
				GCC_WARN_UNUSED_VARIABLE = YES;
				IPHONEOS_DEPLOYMENT_TARGET = 9.3;
				MTL_ENABLE_DEBUG_INFO = NO;
				SDKROOT = iphoneos;
				SWIFT_OPTIMIZATION_LEVEL = "-Owholemodule";
				TARGETED_DEVICE_FAMILY = "1,2";
				VALIDATE_PRODUCT = YES;
			};
			name = Release;
		};
		8908C6A01D0D84430004B2E4 /* Debug */ = {
			isa = XCBuildConfiguration;
			buildSettings = {
				ASSETCATALOG_COMPILER_APPICON_NAME = AppIcon;
				"CODE_SIGN_IDENTITY[sdk=iphoneos*]" = "iPhone Developer";
				DEVELOPMENT_TEAM = 4EHUQSUYU5;
				INFOPLIST_FILE = EaseImagePickerController/Info.plist;
				IPHONEOS_DEPLOYMENT_TARGET = 8.0;
				LD_RUNPATH_SEARCH_PATHS = "$(inherited) @executable_path/Frameworks";
				PRODUCT_BUNDLE_IDENTIFIER = jonhory.EaseImagePickerController;
				PRODUCT_NAME = "$(TARGET_NAME)";
				SWIFT_VERSION = 3.0;
			};
			name = Debug;
		};
		8908C6A11D0D84430004B2E4 /* Release */ = {
			isa = XCBuildConfiguration;
			buildSettings = {
				ASSETCATALOG_COMPILER_APPICON_NAME = AppIcon;
				"CODE_SIGN_IDENTITY[sdk=iphoneos*]" = "iPhone Developer";
				DEVELOPMENT_TEAM = 4EHUQSUYU5;
				INFOPLIST_FILE = EaseImagePickerController/Info.plist;
				IPHONEOS_DEPLOYMENT_TARGET = 8.0;
				LD_RUNPATH_SEARCH_PATHS = "$(inherited) @executable_path/Frameworks";
				PRODUCT_BUNDLE_IDENTIFIER = jonhory.EaseImagePickerController;
				PRODUCT_NAME = "$(TARGET_NAME)";
				SWIFT_VERSION = 3.0;
			};
			name = Release;
		};
/* End XCBuildConfiguration section */

/* Begin XCConfigurationList section */
		8908C6881D0D84430004B2E4 /* Build configuration list for PBXProject "EaseImagePickerController" */ = {
			isa = XCConfigurationList;
			buildConfigurations = (
				8908C69D1D0D84430004B2E4 /* Debug */,
				8908C69E1D0D84430004B2E4 /* Release */,
			);
			defaultConfigurationIsVisible = 0;
			defaultConfigurationName = Release;
		};
		8908C69F1D0D84430004B2E4 /* Build configuration list for PBXNativeTarget "EaseImagePickerController" */ = {
			isa = XCConfigurationList;
			buildConfigurations = (
				8908C6A01D0D84430004B2E4 /* Debug */,
				8908C6A11D0D84430004B2E4 /* Release */,
			);
			defaultConfigurationIsVisible = 0;
			defaultConfigurationName = Release;
		};
/* End XCConfigurationList section */
	};
	rootObject = 8908C6851D0D84430004B2E4 /* Project object */;
}
